// !$*UTF8*$!
{
	archiveVersion = 1;
	classes = {
	};
	objectVersion = 50;
	objects = {

/* Begin PBXBuildFile section */
		B20B9C4754873361D6A38BF9 /* Pods_Firebase_FCM.framework in Frameworks */ = {isa = PBXBuildFile; fileRef = 754DE3BF4A5891D5CDBFC8BC /* Pods_Firebase_FCM.framework */; };
		C44CCA56218155B500EF0F58 /* AppDelegate.swift in Sources */ = {isa = PBXBuildFile; fileRef = C44CCA55218155B500EF0F58 /* AppDelegate.swift */; };
		C44CCA58218155B500EF0F58 /* ViewController.swift in Sources */ = {isa = PBXBuildFile; fileRef = C44CCA57218155B500EF0F58 /* ViewController.swift */; };
		C44CCA5B218155B500EF0F58 /* Main.storyboard in Resources */ = {isa = PBXBuildFile; fileRef = C44CCA59218155B500EF0F58 /* Main.storyboard */; };
		C44CCA5D218155B700EF0F58 /* Assets.xcassets in Resources */ = {isa = PBXBuildFile; fileRef = C44CCA5C218155B700EF0F58 /* Assets.xcassets */; };
		C44CCA60218155B700EF0F58 /* LaunchScreen.storyboard in Resources */ = {isa = PBXBuildFile; fileRef = C44CCA5E218155B700EF0F58 /* LaunchScreen.storyboard */; };
		C44CCA682181566300EF0F58 /* GoogleService-Info.plist in Resources */ = {isa = PBXBuildFile; fileRef = C44CCA672181566300EF0F58 /* GoogleService-Info.plist */; };
/* End PBXBuildFile section */

/* Begin PBXFileReference section */
		754DE3BF4A5891D5CDBFC8BC /* Pods_Firebase_FCM.framework */ = {isa = PBXFileReference; explicitFileType = wrapper.framework; includeInIndex = 0; path = Pods_Firebase_FCM.framework; sourceTree = BUILT_PRODUCTS_DIR; };
		84853901B4437BA9F6D5CAC4 /* Pods-Firebase-FCM.release.xcconfig */ = {isa = PBXFileReference; includeInIndex = 1; lastKnownFileType = text.xcconfig; name = "Pods-Firebase-FCM.release.xcconfig"; path = "Pods/Target Support Files/Pods-Firebase-FCM/Pods-Firebase-FCM.release.xcconfig"; sourceTree = "<group>"; };
		C44CCA52218155B500EF0F58 /* Firebase-FCM.app */ = {isa = PBXFileReference; explicitFileType = wrapper.application; includeInIndex = 0; path = "Firebase-FCM.app"; sourceTree = BUILT_PRODUCTS_DIR; };
		C44CCA55218155B500EF0F58 /* AppDelegate.swift */ = {isa = PBXFileReference; lastKnownFileType = sourcecode.swift; path = AppDelegate.swift; sourceTree = "<group>"; };
		C44CCA57218155B500EF0F58 /* ViewController.swift */ = {isa = PBXFileReference; lastKnownFileType = sourcecode.swift; path = ViewController.swift; sourceTree = "<group>"; };
		C44CCA5A218155B500EF0F58 /* Base */ = {isa = PBXFileReference; lastKnownFileType = file.storyboard; name = Base; path = Base.lproj/Main.storyboard; sourceTree = "<group>"; };
		C44CCA5C218155B700EF0F58 /* Assets.xcassets */ = {isa = PBXFileReference; lastKnownFileType = folder.assetcatalog; path = Assets.xcassets; sourceTree = "<group>"; };
		C44CCA5F218155B700EF0F58 /* Base */ = {isa = PBXFileReference; lastKnownFileType = file.storyboard; name = Base; path = Base.lproj/LaunchScreen.storyboard; sourceTree = "<group>"; };
		C44CCA61218155B700EF0F58 /* Info.plist */ = {isa = PBXFileReference; lastKnownFileType = text.plist.xml; path = Info.plist; sourceTree = "<group>"; };
		C44CCA672181566300EF0F58 /* GoogleService-Info.plist */ = {isa = PBXFileReference; fileEncoding = 4; lastKnownFileType = text.plist.xml; path = "GoogleService-Info.plist"; sourceTree = "<group>"; };
		C44CCA69218165D900EF0F58 /* Firebase-FCM.entitlements */ = {isa = PBXFileReference; lastKnownFileType = text.plist.entitlements; path = "Firebase-FCM.entitlements"; sourceTree = "<group>"; };
		E33129E7DD91E889796C8EA3 /* Pods-Firebase-FCM.debug.xcconfig */ = {isa = PBXFileReference; includeInIndex = 1; lastKnownFileType = text.xcconfig; name = "Pods-Firebase-FCM.debug.xcconfig"; path = "Pods/Target Support Files/Pods-Firebase-FCM/Pods-Firebase-FCM.debug.xcconfig"; sourceTree = "<group>"; };
/* End PBXFileReference section */

/* Begin PBXFrameworksBuildPhase section */
		C44CCA4F218155B500EF0F58 /* Frameworks */ = {
			isa = PBXFrameworksBuildPhase;
			buildActionMask = 2147483647;
			files = (
				B20B9C4754873361D6A38BF9 /* Pods_Firebase_FCM.framework in Frameworks */,
			);
			runOnlyForDeploymentPostprocessing = 0;
		};
/* End PBXFrameworksBuildPhase section */

/* Begin PBXGroup section */
		6FACB7923970223A937AE79E /* Pods */ = {
			isa = PBXGroup;
			children = (
				E33129E7DD91E889796C8EA3 /* Pods-Firebase-FCM.debug.xcconfig */,
				84853901B4437BA9F6D5CAC4 /* Pods-Firebase-FCM.release.xcconfig */,
			);
			name = Pods;
			sourceTree = "<group>";
		};
		C44CCA49218155B500EF0F58 = {
			isa = PBXGroup;
			children = (
				C44CCA54218155B500EF0F58 /* Firebase-FCM */,
				C44CCA53218155B500EF0F58 /* Products */,
				6FACB7923970223A937AE79E /* Pods */,
				D2DD5F38F1D4241E23EC61DF /* Frameworks */,
			);
			sourceTree = "<group>";
		};
		C44CCA53218155B500EF0F58 /* Products */ = {
			isa = PBXGroup;
			children = (
				C44CCA52218155B500EF0F58 /* Firebase-FCM.app */,
			);
			name = Products;
			sourceTree = "<group>";
		};
		C44CCA54218155B500EF0F58 /* Firebase-FCM */ = {
			isa = PBXGroup;
			children = (
				C44CCA69218165D900EF0F58 /* Firebase-FCM.entitlements */,
				C44CCA55218155B500EF0F58 /* AppDelegate.swift */,
				C44CCA57218155B500EF0F58 /* ViewController.swift */,
				C44CCA59218155B500EF0F58 /* Main.storyboard */,
				C44CCA5C218155B700EF0F58 /* Assets.xcassets */,
				C44CCA5E218155B700EF0F58 /* LaunchScreen.storyboard */,
				C44CCA61218155B700EF0F58 /* Info.plist */,
				C44CCA672181566300EF0F58 /* GoogleService-Info.plist */,
			);
			path = "Firebase-FCM";
			sourceTree = "<group>";
		};
		D2DD5F38F1D4241E23EC61DF /* Frameworks */ = {
			isa = PBXGroup;
			children = (
				754DE3BF4A5891D5CDBFC8BC /* Pods_Firebase_FCM.framework */,
			);
			name = Frameworks;
			sourceTree = "<group>";
		};
/* End PBXGroup section */

/* Begin PBXNativeTarget section */
		C44CCA51218155B500EF0F58 /* Firebase-FCM */ = {
			isa = PBXNativeTarget;
			buildConfigurationList = C44CCA64218155B700EF0F58 /* Build configuration list for PBXNativeTarget "Firebase-FCM" */;
			buildPhases = (
				53A7F1C971A2B12B7282A4E2 /* [CP] Check Pods Manifest.lock */,
				C44CCA4E218155B500EF0F58 /* Sources */,
				C44CCA4F218155B500EF0F58 /* Frameworks */,
				C44CCA50218155B500EF0F58 /* Resources */,
				CFE78D432C42EAA1CE956BE4 /* [CP] Embed Pods Frameworks */,
			);
			buildRules = (
			);
			dependencies = (
			);
			name = "Firebase-FCM";
			productName = "Firebase-FCM";
			productReference = C44CCA52218155B500EF0F58 /* Firebase-FCM.app */;
			productType = "com.apple.product-type.application";
		};
/* End PBXNativeTarget section */

/* Begin PBXProject section */
		C44CCA4A218155B500EF0F58 /* Project object */ = {
			isa = PBXProject;
			attributes = {
				LastSwiftUpdateCheck = 1000;
				LastUpgradeCheck = 1000;
				ORGANIZATIONNAME = "Doron Katz";
				TargetAttributes = {
					C44CCA51218155B500EF0F58 = {
						CreatedOnToolsVersion = 10.0;
						SystemCapabilities = {
							com.apple.Push = {
								enabled = 1;
							};
						};
					};
				};
			};
			buildConfigurationList = C44CCA4D218155B500EF0F58 /* Build configuration list for PBXProject "Firebase-FCM" */;
			compatibilityVersion = "Xcode 9.3";
			developmentRegion = en;
			hasScannedForEncodings = 0;
			knownRegions = (
				en,
				Base,
			);
			mainGroup = C44CCA49218155B500EF0F58;
			productRefGroup = C44CCA53218155B500EF0F58 /* Products */;
			projectDirPath = "";
			projectRoot = "";
			targets = (
				C44CCA51218155B500EF0F58 /* Firebase-FCM */,
			);
		};
/* End PBXProject section */

/* Begin PBXResourcesBuildPhase section */
		C44CCA50218155B500EF0F58 /* Resources */ = {
			isa = PBXResourcesBuildPhase;
			buildActionMask = 2147483647;
			files = (
				C44CCA60218155B700EF0F58 /* LaunchScreen.storyboard in Resources */,
				C44CCA682181566300EF0F58 /* GoogleService-Info.plist in Resources */,
				C44CCA5D218155B700EF0F58 /* Assets.xcassets in Resources */,
				C44CCA5B218155B500EF0F58 /* Main.storyboard in Resources */,
			);
			runOnlyForDeploymentPostprocessing = 0;
		};
/* End PBXResourcesBuildPhase section */

/* Begin PBXShellScriptBuildPhase section */
		53A7F1C971A2B12B7282A4E2 /* [CP] Check Pods Manifest.lock */ = {
			isa = PBXShellScriptBuildPhase;
			buildActionMask = 2147483647;
			files = (
			);
			inputPaths = (
				"${PODS_PODFILE_DIR_PATH}/Podfile.lock",
				"${PODS_ROOT}/Manifest.lock",
			);
			name = "[CP] Check Pods Manifest.lock";
			outputPaths = (
				"$(DERIVED_FILE_DIR)/Pods-Firebase-FCM-checkManifestLockResult.txt",
			);
			runOnlyForDeploymentPostprocessing = 0;
			shellPath = /bin/sh;
			shellScript = "diff \"${PODS_PODFILE_DIR_PATH}/Podfile.lock\" \"${PODS_ROOT}/Manifest.lock\" > /dev/null\nif [ $? != 0 ] ; then\n    # print error to STDERR\n    echo \"error: The sandbox is not in sync with the Podfile.lock. Run 'pod install' or update your CocoaPods installation.\" >&2\n    exit 1\nfi\n# This output is used by Xcode 'outputs' to avoid re-running this script phase.\necho \"SUCCESS\" > \"${SCRIPT_OUTPUT_FILE_0}\"\n";
			showEnvVarsInLog = 0;
		};
		CFE78D432C42EAA1CE956BE4 /* [CP] Embed Pods Frameworks */ = {
			isa = PBXShellScriptBuildPhase;
			buildActionMask = 2147483647;
			files = (
			);
			inputPaths = (
				"${SRCROOT}/Pods/Target Support Files/Pods-Firebase-FCM/Pods-Firebase-FCM-frameworks.sh",
				"${BUILT_PRODUCTS_DIR}/GoogleUtilities/GoogleUtilities.framework",
				"${BUILT_PRODUCTS_DIR}/Protobuf/Protobuf.framework",
				"${BUILT_PRODUCTS_DIR}/nanopb/nanopb.framework",
			);
			name = "[CP] Embed Pods Frameworks";
			outputPaths = (
				"${TARGET_BUILD_DIR}/${FRAMEWORKS_FOLDER_PATH}/GoogleUtilities.framework",
				"${TARGET_BUILD_DIR}/${FRAMEWORKS_FOLDER_PATH}/Protobuf.framework",
				"${TARGET_BUILD_DIR}/${FRAMEWORKS_FOLDER_PATH}/nanopb.framework",
			);
			runOnlyForDeploymentPostprocessing = 0;
			shellPath = /bin/sh;
			shellScript = "\"${SRCROOT}/Pods/Target Support Files/Pods-Firebase-FCM/Pods-Firebase-FCM-frameworks.sh\"\n";
			showEnvVarsInLog = 0;
		};
/* End PBXShellScriptBuildPhase section */

/* Begin PBXSourcesBuildPhase section */
		C44CCA4E218155B500EF0F58 /* Sources */ = {
			isa = PBXSourcesBuildPhase;
			buildActionMask = 2147483647;
			files = (
				C44CCA58218155B500EF0F58 /* ViewController.swift in Sources */,
				C44CCA56218155B500EF0F58 /* AppDelegate.swift in Sources */,
			);
			runOnlyForDeploymentPostprocessing = 0;
		};
/* End PBXSourcesBuildPhase section */

/* Begin PBXVariantGroup section */
		C44CCA59218155B500EF0F58 /* Main.storyboard */ = {
			isa = PBXVariantGroup;
			children = (
				C44CCA5A218155B500EF0F58 /* Base */,
			);
			name = Main.storyboard;
			sourceTree = "<group>";
		};
		C44CCA5E218155B700EF0F58 /* LaunchScreen.storyboard */ = {
			isa = PBXVariantGroup;
			children = (
				C44CCA5F218155B700EF0F58 /* Base */,
			);
			name = LaunchScreen.storyboard;
			sourceTree = "<group>";
		};
/* End PBXVariantGroup section */

/* Begin XCBuildConfiguration section */
		C44CCA62218155B700EF0F58 /* Debug */ = {
			isa = XCBuildConfiguration;
			buildSettings = {
				ALWAYS_SEARCH_USER_PATHS = NO;
				CLANG_ANALYZER_NONNULL = YES;
				CLANG_ANALYZER_NUMBER_OBJECT_CONVERSION = YES_AGGRESSIVE;
				CLANG_CXX_LANGUAGE_STANDARD = "gnu++14";
				CLANG_CXX_LIBRARY = "libc++";
				CLANG_ENABLE_MODULES = YES;
				CLANG_ENABLE_OBJC_ARC = YES;
				CLANG_ENABLE_OBJC_WEAK = YES;
				CLANG_WARN_BLOCK_CAPTURE_AUTORELEASING = YES;
				CLANG_WARN_BOOL_CONVERSION = YES;
				CLANG_WARN_COMMA = YES;
				CLANG_WARN_CONSTANT_CONVERSION = YES;
				CLANG_WARN_DEPRECATED_OBJC_IMPLEMENTATIONS = YES;
				CLANG_WARN_DIRECT_OBJC_ISA_USAGE = YES_ERROR;
				CLANG_WARN_DOCUMENTATION_COMMENTS = YES;
				CLANG_WARN_EMPTY_BODY = YES;
				CLANG_WARN_ENUM_CONVERSION = YES;
				CLANG_WARN_INFINITE_RECURSION = YES;
				CLANG_WARN_INT_CONVERSION = YES;
				CLANG_WARN_NON_LITERAL_NULL_CONVERSION = YES;
				CLANG_WARN_OBJC_IMPLICIT_RETAIN_SELF = YES;
				CLANG_WARN_OBJC_LITERAL_CONVERSION = YES;
				CLANG_WARN_OBJC_ROOT_CLASS = YES_ERROR;
				CLANG_WARN_RANGE_LOOP_ANALYSIS = YES;
				CLANG_WARN_STRICT_PROTOTYPES = YES;
				CLANG_WARN_SUSPICIOUS_MOVE = YES;
				CLANG_WARN_UNGUARDED_AVAILABILITY = YES_AGGRESSIVE;
				CLANG_WARN_UNREACHABLE_CODE = YES;
				CLANG_WARN__DUPLICATE_METHOD_MATCH = YES;
				CODE_SIGN_IDENTITY = "iPhone Developer";
				COPY_PHASE_STRIP = NO;
				DEBUG_INFORMATION_FORMAT = dwarf;
				ENABLE_STRICT_OBJC_MSGSEND = YES;
				ENABLE_TESTABILITY = YES;
				GCC_C_LANGUAGE_STANDARD = gnu11;
				GCC_DYNAMIC_NO_PIC = NO;
				GCC_NO_COMMON_BLOCKS = YES;
				GCC_OPTIMIZATION_LEVEL = 0;
				GCC_PREPROCESSOR_DEFINITIONS = (
					"DEBUG=1",
					"$(inherited)",
				);
				GCC_WARN_64_TO_32_BIT_CONVERSION = YES;
				GCC_WARN_ABOUT_RETURN_TYPE = YES_ERROR;
				GCC_WARN_UNDECLARED_SELECTOR = YES;
				GCC_WARN_UNINITIALIZED_AUTOS = YES_AGGRESSIVE;
				GCC_WARN_UNUSED_FUNCTION = YES;
				GCC_WARN_UNUSED_VARIABLE = YES;
				IPHONEOS_DEPLOYMENT_TARGET = 12.0;
				MTL_ENABLE_DEBUG_INFO = INCLUDE_SOURCE;
				MTL_FAST_MATH = YES;
				ONLY_ACTIVE_ARCH = YES;
				SDKROOT = iphoneos;
				SWIFT_ACTIVE_COMPILATION_CONDITIONS = DEBUG;
				SWIFT_OPTIMIZATION_LEVEL = "-Onone";
			};
			name = Debug;
		};
		C44CCA63218155B700EF0F58 /* Release */ = {
			isa = XCBuildConfiguration;
			buildSettings = {
				ALWAYS_SEARCH_USER_PATHS = NO;
				CLANG_ANALYZER_NONNULL = YES;
				CLANG_ANALYZER_NUMBER_OBJECT_CONVERSION = YES_AGGRESSIVE;
				CLANG_CXX_LANGUAGE_STANDARD = "gnu++14";
				CLANG_CXX_LIBRARY = "libc++";
				CLANG_ENABLE_MODULES = YES;
				CLANG_ENABLE_OBJC_ARC = YES;
				CLANG_ENABLE_OBJC_WEAK = YES;
				CLANG_WARN_BLOCK_CAPTURE_AUTORELEASING = YES;
				CLANG_WARN_BOOL_CONVERSION = YES;
				CLANG_WARN_COMMA = YES;
				CLANG_WARN_CONSTANT_CONVERSION = YES;
				CLANG_WARN_DEPRECATED_OBJC_IMPLEMENTATIONS = YES;
				CLANG_WARN_DIRECT_OBJC_ISA_USAGE = YES_ERROR;
				CLANG_WARN_DOCUMENTATION_COMMENTS = YES;
				CLANG_WARN_EMPTY_BODY = YES;
				CLANG_WARN_ENUM_CONVERSION = YES;
				CLANG_WARN_INFINITE_RECURSION = YES;
				CLANG_WARN_INT_CONVERSION = YES;
				CLANG_WARN_NON_LITERAL_NULL_CONVERSION = YES;
				CLANG_WARN_OBJC_IMPLICIT_RETAIN_SELF = YES;
				CLANG_WARN_OBJC_LITERAL_CONVERSION = YES;
				CLANG_WARN_OBJC_ROOT_CLASS = YES_ERROR;
				CLANG_WARN_RANGE_LOOP_ANALYSIS = YES;
				CLANG_WARN_STRICT_PROTOTYPES = YES;
				CLANG_WARN_SUSPICIOUS_MOVE = YES;
				CLANG_WARN_UNGUARDED_AVAILABILITY = YES_AGGRESSIVE;
				CLANG_WARN_UNREACHABLE_CODE = YES;
				CLANG_WARN__DUPLICATE_METHOD_MATCH = YES;
				CODE_SIGN_IDENTITY = "iPhone Developer";
				COPY_PHASE_STRIP = NO;
				DEBUG_INFORMATION_FORMAT = "dwarf-with-dsym";
				ENABLE_NS_ASSERTIONS = NO;
				ENABLE_STRICT_OBJC_MSGSEND = YES;
				GCC_C_LANGUAGE_STANDARD = gnu11;
				GCC_NO_COMMON_BLOCKS = YES;
				GCC_WARN_64_TO_32_BIT_CONVERSION = YES;
				GCC_WARN_ABOUT_RETURN_TYPE = YES_ERROR;
				GCC_WARN_UNDECLARED_SELECTOR = YES;
				GCC_WARN_UNINITIALIZED_AUTOS = YES_AGGRESSIVE;
				GCC_WARN_UNUSED_FUNCTION = YES;
				GCC_WARN_UNUSED_VARIABLE = YES;
				IPHONEOS_DEPLOYMENT_TARGET = 12.0;
				MTL_ENABLE_DEBUG_INFO = NO;
				MTL_FAST_MATH = YES;
				SDKROOT = iphoneos;
				SWIFT_COMPILATION_MODE = wholemodule;
				SWIFT_OPTIMIZATION_LEVEL = "-O";
				VALIDATE_PRODUCT = YES;
			};
			name = Release;
		};
		C44CCA65218155B700EF0F58 /* Debug */ = {
			isa = XCBuildConfiguration;
			baseConfigurationReference = E33129E7DD91E889796C8EA3 /* Pods-Firebase-FCM.debug.xcconfig */;
			buildSettings = {
				ASSETCATALOG_COMPILER_APPICON_NAME = AppIcon;
				CODE_SIGN_ENTITLEMENTS = "Firebase-FCM/Firebase-FCM.entitlements";
				CODE_SIGN_STYLE = Automatic;
				DEVELOPMENT_TEAM = UU98N6FWB5;
				INFOPLIST_FILE = "Firebase-FCM/Info.plist";
				LD_RUNPATH_SEARCH_PATHS = (
					"$(inherited)",
					"@executable_path/Frameworks",
				);
				PRODUCT_BUNDLE_IDENTIFIER = "com.envato.Firebase-FCM";
				PRODUCT_NAME = "$(TARGET_NAME)";
				SWIFT_VERSION = 4.2;
				TARGETED_DEVICE_FAMILY = "1,2";
			};
			name = Debug;
		};
		C44CCA66218155B700EF0F58 /* Release */ = {
			isa = XCBuildConfiguration;
			baseConfigurationReference = 84853901B4437BA9F6D5CAC4 /* Pods-Firebase-FCM.release.xcconfig */;
			buildSettings = {
				ASSETCATALOG_COMPILER_APPICON_NAME = AppIcon;
				CODE_SIGN_ENTITLEMENTS = "Firebase-FCM/Firebase-FCM.entitlements";
				CODE_SIGN_STYLE = Automatic;
				DEVELOPMENT_TEAM = UU98N6FWB5;
				INFOPLIST_FILE = "Firebase-FCM/Info.plist";
				LD_RUNPATH_SEARCH_PATHS = (
					"$(inherited)",
					"@executable_path/Frameworks",
				);
				PRODUCT_BUNDLE_IDENTIFIER = "com.envato.Firebase-FCM";
				PRODUCT_NAME = "$(TARGET_NAME)";
				SWIFT_VERSION = 4.2;
				TARGETED_DEVICE_FAMILY = "1,2";
			};
			name = Release;
		};
/* End XCBuildConfiguration section */

/* Begin XCConfigurationList section */
		C44CCA4D218155B500EF0F58 /* Build configuration list for PBXProject "Firebase-FCM" */ = {
			isa = XCConfigurationList;
			buildConfigurations = (
				C44CCA62218155B700EF0F58 /* Debug */,
				C44CCA63218155B700EF0F58 /* Release */,
			);
			defaultConfigurationIsVisible = 0;
			defaultConfigurationName = Release;
		};
		C44CCA64218155B700EF0F58 /* Build configuration list for PBXNativeTarget "Firebase-FCM" */ = {
			isa = XCConfigurationList;
			buildConfigurations = (
				C44CCA65218155B700EF0F58 /* Debug */,
				C44CCA66218155B700EF0F58 /* Release */,
			);
			defaultConfigurationIsVisible = 0;
			defaultConfigurationName = Release;
		};
/* End XCConfigurationList section */
	};
	rootObject = C44CCA4A218155B500EF0F58 /* Project object */;
}
